
Microsoft Visual Studio Solution File, Format Version 12.00
# Visual Studio 14
VisualStudioVersion = 14.0.25420.1
MinimumVisualStudioVersion = 10.0.40219.1
Project("{FAE04EC0-301F-11D3-BF4B-00C04F79EFBC}") = "net.eventbus", "net.eventbus\net.eventbus.csproj", "{2CA81762-F359-4384-B926-007A7F58FD7C}"
EndProject
Project("{FAE04EC0-301F-11D3-BF4B-00C04F79EFBC}") = "net.eventbus.test", "net.eventbus.test\net.eventbus.test.csproj", "{727F3AA6-0141-4927-BCE8-F0677BB0F729}"
EndProject
Global
	GlobalSection(SolutionConfigurationPlatforms) = preSolution
		Debug|Any CPU = Debug|Any CPU
		Release|Any CPU = Release|Any CPU
	EndGlobalSection
	GlobalSection(ProjectConfigurationPlatforms) = postSolution
		{2CA81762-F359-4384-B926-007A7F58FD7C}.Debug|Any CPU.ActiveCfg = Debug|Any CPU
		{2CA81762-F359-4384-B926-007A7F58FD7C}.Debug|Any CPU.Build.0 = Debug|Any CPU
		{2CA81762-F359-4384-B926-007A7F58FD7C}.Release|Any CPU.ActiveCfg = Release|Any CPU
		{2CA81762-F359-4384-B926-007A7F58FD7C}.Release|Any CPU.Build.0 = Release|Any CPU
		{727F3AA6-0141-4927-BCE8-F0677BB0F729}.Debug|Any CPU.ActiveCfg = Debug|Any CPU
		{727F3AA6-0141-4927-BCE8-F0677BB0F729}.Debug|Any CPU.Build.0 = Debug|Any CPU
		{727F3AA6-0141-4927-BCE8-F0677BB0F729}.Release|Any CPU.ActiveCfg = Release|Any CPU
		{727F3AA6-0141-4927-BCE8-F0677BB0F729}.Release|Any CPU.Build.0 = Release|Any CPU
	EndGlobalSection
	GlobalSection(SolutionProperties) = preSolution
		HideSolutionNode = FALSE
	EndGlobalSection
EndGlobal
